
Microsoft Visual Studio Solution File, Format Version 12.00
# Visual Studio Version 17
VisualStudioVersion = 17.1.32319.34
MinimumVisualStudioVersion = 10.0.40219.1
Project("{2150E333-8FDC-42A3-9474-1A3956D46DE8}") = "Solution items", "Solution items", "{7DE79863-B10B-4106-A901-E1B13675D64F}"
	ProjectSection(SolutionItems) = preProject
		src\Services\Product.API\.dockerignore = src\Services\Product.API\.dockerignore
		src\docker-compose.override.yml = src\docker-compose.override.yml
		src\docker-compose.yml = src\docker-compose.yml
		global.json = global.json
		README.md = README.md
	EndProjectSection
EndProject
Project("{2150E333-8FDC-42A3-9474-1A3956D46DE8}") = "src", "src", "{E5C06218-085B-4048-82B4-B857B0A73D80}"
EndProject
Project("{2150E333-8FDC-42A3-9474-1A3956D46DE8}") = "ApiGateways", "ApiGateways", "{5C386197-D14F-44F9-9C1E-61FD384853A5}"
EndProject
Project("{2150E333-8FDC-42A3-9474-1A3956D46DE8}") = "Services", "Services", "{CAF76D18-3004-46EB-8741-F84668B803CB}"
EndProject
Project("{2150E333-8FDC-42A3-9474-1A3956D46DE8}") = "WebApps", "WebApps", "{0C46597A-8A98-4F4B-B133-95F4EA4C3DF9}"
EndProject
Project("{2150E333-8FDC-42A3-9474-1A3956D46DE8}") = "BuildingBlock", "BuildingBlock", "{94FDE464-F7A3-416E-8675-185B41C769BD}"
EndProject
Project("{9A19103F-16F7-4668-BE54-9A1E7A4F7556}") = "Common.Logging", "src\BuildingBlocks\Common.Logging\Common.Logging.csproj", "{19DA3C6B-428D-40FA-AE8F-0C37018388F3}"
EndProject
Project("{9A19103F-16F7-4668-BE54-9A1E7A4F7556}") = "WebHealthStatus", "src\WebApps\WebHealthStatus\WebHealthStatus.csproj", "{ADE61D62-7170-4978-B252-3B5CC3D8CCC9}"
EndProject
Project("{9A19103F-16F7-4668-BE54-9A1E7A4F7556}") = "Basket.API", "src\Services\Basket.API\Basket.API.csproj", "{E3A7CCF9-487B-44D1-A1B0-4DC6B990DFA7}"
EndProject
Project("{9A19103F-16F7-4668-BE54-9A1E7A4F7556}") = "Customer.API", "src\Services\Customer.API\Customer.API.csproj", "{73E2C23E-552B-45AE-8199-A5CCAC52C901}"
EndProject
Project("{9A19103F-16F7-4668-BE54-9A1E7A4F7556}") = "Product.API", "src\Services\Product.API\Product.API.csproj", "{8EADB43E-67F1-4F92-A46C-7E3F2BEF0A3B}"
EndProject
Project("{9A19103F-16F7-4668-BE54-9A1E7A4F7556}") = "Hangfire.API", "src\Services\Hangfire.API\Hangfire.API.csproj", "{53C3F247-D151-40DA-976D-1C7753DBD2D9}"
EndProject
Project("{9A19103F-16F7-4668-BE54-9A1E7A4F7556}") = "Infrastructure", "src\BuildingBlocks\Infrastructure\Infrastructure.csproj", "{E6EB554E-265E-4258-BB37-DC13C804FAE5}"
EndProject
Project("{9A19103F-16F7-4668-BE54-9A1E7A4F7556}") = "Shared", "src\BuildingBlocks\Shared\Shared.csproj", "{F5D39DF1-36E6-4052-9F88-0A79A555C50E}"
EndProject
Project("{9A19103F-16F7-4668-BE54-9A1E7A4F7556}") = "Contracts", "src\BuildingBlocks\Contracts\Contracts.csproj", "{A451B724-F73D-49CC-9B9A-4FCD08EBEB0B}"
EndProject
Project("{9A19103F-16F7-4668-BE54-9A1E7A4F7556}") = "OcelotApiGw", "src\ApiGateways\OcelotApiGw\OcelotApiGw.csproj", "{A5074F06-4A89-4BBC-A970-7D9FC2CF5223}"
EndProject
Project("{2150E333-8FDC-42A3-9474-1A3956D46DE8}") = "Ordering", "Ordering", "{599DBABC-56DC-41F6-B2DE-2679DD64767C}"
EndProject
Project("{9A19103F-16F7-4668-BE54-9A1E7A4F7556}") = "Ordering.API", "src\Services\Ordering\Ordering.API\Ordering.API.csproj", "{C9E920F2-4F89-4C86-AC2F-A5FF662B065A}"
EndProject
Project("{9A19103F-16F7-4668-BE54-9A1E7A4F7556}") = "Ordering.Application", "src\Services\Ordering\Ordering.Application\Ordering.Application.csproj", "{9E78652A-2E2F-4DC3-BE66-958F68AB3DED}"
EndProject
Project("{9A19103F-16F7-4668-BE54-9A1E7A4F7556}") = "Ordering.Domain", "src\Services\Ordering\Ordering.Domain\Ordering.Domain.csproj", "{2B65CBE4-6529-4FD9-BB07-91FBED597B71}"
EndProject
Project("{9A19103F-16F7-4668-BE54-9A1E7A4F7556}") = "Ordering.Infrastructure", "src\Services\Ordering\Ordering.Infrastructure\Ordering.Infrastructure.csproj", "{3FA5507E-1348-40F1-B286-169741EBF983}"
EndProject
Project("{2150E333-8FDC-42A3-9474-1A3956D46DE8}") = "EventBus", "EventBus", "{651AC919-6E89-441C-A0A1-130C594FB3A8}"
EndProject
Project("{9A19103F-16F7-4668-BE54-9A1E7A4F7556}") = "EventBus.Messages", "src\BuildingBlocks\EventBus\EventBus.Messages.csproj", "{83488403-133F-45B7-A785-C6206F68CAFB}"
EndProject
Project("{2150E333-8FDC-42A3-9474-1A3956D46DE8}") = "Inventory", "Inventory", "{69D78B94-25E3-4938-AEF1-DCEADE87A573}"
EndProject
Project("{9A19103F-16F7-4668-BE54-9A1E7A4F7556}") = "Inventory.Product.API", "src\Services\Inventory\Inventory.Product.API\Inventory.Product.API.csproj", "{0DAE4EB9-AAA3-4233-B716-163F692E5ED8}"
EndProject
Project("{9A19103F-16F7-4668-BE54-9A1E7A4F7556}") = "Inventory.Grpc", "src\Services\Inventory\Inventory.Grpc\Inventory.Grpc.csproj", "{1C6C2E2B-9E10-4B50-A5DC-D31E968DFE4D}"
EndProject
Project("{2150E333-8FDC-42A3-9474-1A3956D46DE8}") = "Saga.Orchestrator", "Saga.Orchestrator", "{149CF6C2-6099-46DA-B6FE-C968EDCAAC03}"
EndProject
Project("{FAE04EC0-301F-11D3-BF4B-00C04F79EFBC}") = "Saga.Orchestrator", "src\Saga.Orchestrator\Saga.Orchestrator\Saga.Orchestrator.csproj", "{6DB97C71-36C3-419A-B65C-CD713BBBDDEA}"
EndProject
Global
	GlobalSection(SolutionConfigurationPlatforms) = preSolution
		Debug|Any CPU = Debug|Any CPU
		Release|Any CPU = Release|Any CPU
	EndGlobalSection
	GlobalSection(ProjectConfigurationPlatforms) = postSolution
		{19DA3C6B-428D-40FA-AE8F-0C37018388F3}.Debug|Any CPU.ActiveCfg = Debug|Any CPU
		{19DA3C6B-428D-40FA-AE8F-0C37018388F3}.Debug|Any CPU.Build.0 = Debug|Any CPU
		{19DA3C6B-428D-40FA-AE8F-0C37018388F3}.Release|Any CPU.ActiveCfg = Release|Any CPU
		{19DA3C6B-428D-40FA-AE8F-0C37018388F3}.Release|Any CPU.Build.0 = Release|Any CPU
		{ADE61D62-7170-4978-B252-3B5CC3D8CCC9}.Debug|Any CPU.ActiveCfg = Debug|Any CPU
		{ADE61D62-7170-4978-B252-3B5CC3D8CCC9}.Debug|Any CPU.Build.0 = Debug|Any CPU
		{ADE61D62-7170-4978-B252-3B5CC3D8CCC9}.Release|Any CPU.ActiveCfg = Release|Any CPU
		{ADE61D62-7170-4978-B252-3B5CC3D8CCC9}.Release|Any CPU.Build.0 = Release|Any CPU
		{E3A7CCF9-487B-44D1-A1B0-4DC6B990DFA7}.Debug|Any CPU.ActiveCfg = Debug|Any CPU
		{E3A7CCF9-487B-44D1-A1B0-4DC6B990DFA7}.Debug|Any CPU.Build.0 = Debug|Any CPU
		{E3A7CCF9-487B-44D1-A1B0-4DC6B990DFA7}.Release|Any CPU.ActiveCfg = Release|Any CPU
		{E3A7CCF9-487B-44D1-A1B0-4DC6B990DFA7}.Release|Any CPU.Build.0 = Release|Any CPU
		{73E2C23E-552B-45AE-8199-A5CCAC52C901}.Debug|Any CPU.ActiveCfg = Debug|Any CPU
		{73E2C23E-552B-45AE-8199-A5CCAC52C901}.Debug|Any CPU.Build.0 = Debug|Any CPU
		{73E2C23E-552B-45AE-8199-A5CCAC52C901}.Release|Any CPU.ActiveCfg = Release|Any CPU
		{73E2C23E-552B-45AE-8199-A5CCAC52C901}.Release|Any CPU.Build.0 = Release|Any CPU
		{8EADB43E-67F1-4F92-A46C-7E3F2BEF0A3B}.Debug|Any CPU.ActiveCfg = Debug|Any CPU
		{8EADB43E-67F1-4F92-A46C-7E3F2BEF0A3B}.Debug|Any CPU.Build.0 = Debug|Any CPU
		{8EADB43E-67F1-4F92-A46C-7E3F2BEF0A3B}.Release|Any CPU.ActiveCfg = Release|Any CPU
		{8EADB43E-67F1-4F92-A46C-7E3F2BEF0A3B}.Release|Any CPU.Build.0 = Release|Any CPU
		{53C3F247-D151-40DA-976D-1C7753DBD2D9}.Debug|Any CPU.ActiveCfg = Debug|Any CPU
		{53C3F247-D151-40DA-976D-1C7753DBD2D9}.Debug|Any CPU.Build.0 = Debug|Any CPU
		{53C3F247-D151-40DA-976D-1C7753DBD2D9}.Release|Any CPU.ActiveCfg = Release|Any CPU
		{53C3F247-D151-40DA-976D-1C7753DBD2D9}.Release|Any CPU.Build.0 = Release|Any CPU
		{E6EB554E-265E-4258-BB37-DC13C804FAE5}.Debug|Any CPU.ActiveCfg = Debug|Any CPU
		{E6EB554E-265E-4258-BB37-DC13C804FAE5}.Debug|Any CPU.Build.0 = Debug|Any CPU
		{E6EB554E-265E-4258-BB37-DC13C804FAE5}.Release|Any CPU.ActiveCfg = Release|Any CPU
		{E6EB554E-265E-4258-BB37-DC13C804FAE5}.Release|Any CPU.Build.0 = Release|Any CPU
		{F5D39DF1-36E6-4052-9F88-0A79A555C50E}.Debug|Any CPU.ActiveCfg = Debug|Any CPU
		{F5D39DF1-36E6-4052-9F88-0A79A555C50E}.Debug|Any CPU.Build.0 = Debug|Any CPU
		{F5D39DF1-36E6-4052-9F88-0A79A555C50E}.Release|Any CPU.ActiveCfg = Release|Any CPU
		{F5D39DF1-36E6-4052-9F88-0A79A555C50E}.Release|Any CPU.Build.0 = Release|Any CPU
		{A451B724-F73D-49CC-9B9A-4FCD08EBEB0B}.Debug|Any CPU.ActiveCfg = Debug|Any CPU
		{A451B724-F73D-49CC-9B9A-4FCD08EBEB0B}.Debug|Any CPU.Build.0 = Debug|Any CPU
		{A451B724-F73D-49CC-9B9A-4FCD08EBEB0B}.Release|Any CPU.ActiveCfg = Release|Any CPU
		{A451B724-F73D-49CC-9B9A-4FCD08EBEB0B}.Release|Any CPU.Build.0 = Release|Any CPU
		{A5074F06-4A89-4BBC-A970-7D9FC2CF5223}.Debug|Any CPU.ActiveCfg = Debug|Any CPU
		{A5074F06-4A89-4BBC-A970-7D9FC2CF5223}.Debug|Any CPU.Build.0 = Debug|Any CPU
		{A5074F06-4A89-4BBC-A970-7D9FC2CF5223}.Release|Any CPU.ActiveCfg = Release|Any CPU
		{A5074F06-4A89-4BBC-A970-7D9FC2CF5223}.Release|Any CPU.Build.0 = Release|Any CPU
		{C9E920F2-4F89-4C86-AC2F-A5FF662B065A}.Debug|Any CPU.ActiveCfg = Debug|Any CPU
		{C9E920F2-4F89-4C86-AC2F-A5FF662B065A}.Debug|Any CPU.Build.0 = Debug|Any CPU
		{C9E920F2-4F89-4C86-AC2F-A5FF662B065A}.Release|Any CPU.ActiveCfg = Release|Any CPU
		{C9E920F2-4F89-4C86-AC2F-A5FF662B065A}.Release|Any CPU.Build.0 = Release|Any CPU
		{9E78652A-2E2F-4DC3-BE66-958F68AB3DED}.Debug|Any CPU.ActiveCfg = Debug|Any CPU
		{9E78652A-2E2F-4DC3-BE66-958F68AB3DED}.Debug|Any CPU.Build.0 = Debug|Any CPU
		{9E78652A-2E2F-4DC3-BE66-958F68AB3DED}.Release|Any CPU.ActiveCfg = Release|Any CPU
		{9E78652A-2E2F-4DC3-BE66-958F68AB3DED}.Release|Any CPU.Build.0 = Release|Any CPU
		{2B65CBE4-6529-4FD9-BB07-91FBED597B71}.Debug|Any CPU.ActiveCfg = Debug|Any CPU
		{2B65CBE4-6529-4FD9-BB07-91FBED597B71}.Debug|Any CPU.Build.0 = Debug|Any CPU
		{2B65CBE4-6529-4FD9-BB07-91FBED597B71}.Release|Any CPU.ActiveCfg = Release|Any CPU
		{2B65CBE4-6529-4FD9-BB07-91FBED597B71}.Release|Any CPU.Build.0 = Release|Any CPU
		{3FA5507E-1348-40F1-B286-169741EBF983}.Debug|Any CPU.ActiveCfg = Debug|Any CPU
		{3FA5507E-1348-40F1-B286-169741EBF983}.Debug|Any CPU.Build.0 = Debug|Any CPU
		{3FA5507E-1348-40F1-B286-169741EBF983}.Release|Any CPU.ActiveCfg = Release|Any CPU
		{3FA5507E-1348-40F1-B286-169741EBF983}.Release|Any CPU.Build.0 = Release|Any CPU
		{83488403-133F-45B7-A785-C6206F68CAFB}.Debug|Any CPU.ActiveCfg = Debug|Any CPU
		{83488403-133F-45B7-A785-C6206F68CAFB}.Debug|Any CPU.Build.0 = Debug|Any CPU
		{83488403-133F-45B7-A785-C6206F68CAFB}.Release|Any CPU.ActiveCfg = Release|Any CPU
		{83488403-133F-45B7-A785-C6206F68CAFB}.Release|Any CPU.Build.0 = Release|Any CPU
		{0DAE4EB9-AAA3-4233-B716-163F692E5ED8}.Debug|Any CPU.ActiveCfg = Debug|Any CPU
		{0DAE4EB9-AAA3-4233-B716-163F692E5ED8}.Debug|Any CPU.Build.0 = Debug|Any CPU
		{0DAE4EB9-AAA3-4233-B716-163F692E5ED8}.Release|Any CPU.ActiveCfg = Release|Any CPU
		{0DAE4EB9-AAA3-4233-B716-163F692E5ED8}.Release|Any CPU.Build.0 = Release|Any CPU
		{1C6C2E2B-9E10-4B50-A5DC-D31E968DFE4D}.Debug|Any CPU.ActiveCfg = Debug|Any CPU
		{1C6C2E2B-9E10-4B50-A5DC-D31E968DFE4D}.Debug|Any CPU.Build.0 = Debug|Any CPU
		{1C6C2E2B-9E10-4B50-A5DC-D31E968DFE4D}.Release|Any CPU.ActiveCfg = Release|Any CPU
		{1C6C2E2B-9E10-4B50-A5DC-D31E968DFE4D}.Release|Any CPU.Build.0 = Release|Any CPU
		{6DB97C71-36C3-419A-B65C-CD713BBBDDEA}.Debug|Any CPU.ActiveCfg = Debug|Any CPU
		{6DB97C71-36C3-419A-B65C-CD713BBBDDEA}.Debug|Any CPU.Build.0 = Debug|Any CPU
		{6DB97C71-36C3-419A-B65C-CD713BBBDDEA}.Release|Any CPU.ActiveCfg = Release|Any CPU
		{6DB97C71-36C3-419A-B65C-CD713BBBDDEA}.Release|Any CPU.Build.0 = Release|Any CPU
	EndGlobalSection
	GlobalSection(SolutionProperties) = preSolution
		HideSolutionNode = FALSE
	EndGlobalSection
	GlobalSection(NestedProjects) = preSolution
		{5C386197-D14F-44F9-9C1E-61FD384853A5} = {E5C06218-085B-4048-82B4-B857B0A73D80}
		{CAF76D18-3004-46EB-8741-F84668B803CB} = {E5C06218-085B-4048-82B4-B857B0A73D80}
		{0C46597A-8A98-4F4B-B133-95F4EA4C3DF9} = {E5C06218-085B-4048-82B4-B857B0A73D80}
		{94FDE464-F7A3-416E-8675-185B41C769BD} = {E5C06218-085B-4048-82B4-B857B0A73D80}
		{19DA3C6B-428D-40FA-AE8F-0C37018388F3} = {94FDE464-F7A3-416E-8675-185B41C769BD}
		{ADE61D62-7170-4978-B252-3B5CC3D8CCC9} = {0C46597A-8A98-4F4B-B133-95F4EA4C3DF9}
		{E3A7CCF9-487B-44D1-A1B0-4DC6B990DFA7} = {CAF76D18-3004-46EB-8741-F84668B803CB}
		{73E2C23E-552B-45AE-8199-A5CCAC52C901} = {CAF76D18-3004-46EB-8741-F84668B803CB}
		{8EADB43E-67F1-4F92-A46C-7E3F2BEF0A3B} = {CAF76D18-3004-46EB-8741-F84668B803CB}
		{53C3F247-D151-40DA-976D-1C7753DBD2D9} = {CAF76D18-3004-46EB-8741-F84668B803CB}
		{E6EB554E-265E-4258-BB37-DC13C804FAE5} = {94FDE464-F7A3-416E-8675-185B41C769BD}
		{F5D39DF1-36E6-4052-9F88-0A79A555C50E} = {94FDE464-F7A3-416E-8675-185B41C769BD}
		{A451B724-F73D-49CC-9B9A-4FCD08EBEB0B} = {94FDE464-F7A3-416E-8675-185B41C769BD}
		{A5074F06-4A89-4BBC-A970-7D9FC2CF5223} = {5C386197-D14F-44F9-9C1E-61FD384853A5}
		{599DBABC-56DC-41F6-B2DE-2679DD64767C} = {CAF76D18-3004-46EB-8741-F84668B803CB}
		{C9E920F2-4F89-4C86-AC2F-A5FF662B065A} = {599DBABC-56DC-41F6-B2DE-2679DD64767C}
		{9E78652A-2E2F-4DC3-BE66-958F68AB3DED} = {599DBABC-56DC-41F6-B2DE-2679DD64767C}
		{2B65CBE4-6529-4FD9-BB07-91FBED597B71} = {599DBABC-56DC-41F6-B2DE-2679DD64767C}
		{3FA5507E-1348-40F1-B286-169741EBF983} = {599DBABC-56DC-41F6-B2DE-2679DD64767C}
		{651AC919-6E89-441C-A0A1-130C594FB3A8} = {94FDE464-F7A3-416E-8675-185B41C769BD}
		{83488403-133F-45B7-A785-C6206F68CAFB} = {651AC919-6E89-441C-A0A1-130C594FB3A8}
		{69D78B94-25E3-4938-AEF1-DCEADE87A573} = {CAF76D18-3004-46EB-8741-F84668B803CB}
		{0DAE4EB9-AAA3-4233-B716-163F692E5ED8} = {69D78B94-25E3-4938-AEF1-DCEADE87A573}
		{1C6C2E2B-9E10-4B50-A5DC-D31E968DFE4D} = {69D78B94-25E3-4938-AEF1-DCEADE87A573}
		{149CF6C2-6099-46DA-B6FE-C968EDCAAC03} = {E5C06218-085B-4048-82B4-B857B0A73D80}
		{6DB97C71-36C3-419A-B65C-CD713BBBDDEA} = {149CF6C2-6099-46DA-B6FE-C968EDCAAC03}
	EndGlobalSection
	GlobalSection(ExtensibilityGlobals) = postSolution
		SolutionGuid = {0C336A20-D8D5-4AEE-8FE2-8F4D83472C05}
	EndGlobalSection
	GlobalSection(MonoDevelopProperties) = preSolution
		Policies = $0
		$0.DotNetNamingPolicy = $1
		$1.DirectoryNamespaceAssociation = PrefixedHierarchical
	EndGlobalSection
EndGlobal
